// !$*UTF8*$!
{
	archiveVersion = 1;
	classes = {
	};
	objectVersion = 50;
	objects = {

/* Begin PBXBuildFile section */
		3FA3672824B6348900AD05A8 /* AppDelegate.swift in Sources */ = {isa = PBXBuildFile; fileRef = 3FA3672724B6348900AD05A8 /* AppDelegate.swift */; };
		3FA3672A24B6348900AD05A8 /* SceneDelegate.swift in Sources */ = {isa = PBXBuildFile; fileRef = 3FA3672924B6348900AD05A8 /* SceneDelegate.swift */; };
		3FA3672C24B6348900AD05A8 /* ContentView.swift in Sources */ = {isa = PBXBuildFile; fileRef = 3FA3672B24B6348900AD05A8 /* ContentView.swift */; };
		3FA3672E24B6348A00AD05A8 /* world in Resources */ = {isa = PBXBuildFile; fileRef = 3FA3672D24B6348A00AD05A8 /* world */; };
		3FA3673124B6348A00AD05A8 /* Preview Assets.xcassets in Resources */ = {isa = PBXBuildFile; fileRef = 3FA3673024B6348A00AD05A8 /* Preview Assets.xcassets */; };
		3FA3673424B6348A00AD05A8 /* LaunchScreen.storyboard in Resources */ = {isa = PBXBuildFile; fileRef = 3FA3673224B6348A00AD05A8 /* LaunchScreen.storyboard */; };
		3FA3673F24B6348A00AD05A8 /* worldTests.swift in Sources */ = {isa = PBXBuildFile; fileRef = 3FA3673E24B6348A00AD05A8 /* worldTests.swift */; };
		3FA3674A24B6348A00AD05A8 /* worldUITests.swift in Sources */ = {isa = PBXBuildFile; fileRef = 3FA3674924B6348A00AD05A8 /* worldUITests.swift */; };
/* End PBXBuildFile section */

/* Begin PBXContainerItemProxy section */
		3FA3673B24B6348A00AD05A8 /* PBXContainerItemProxy */ = {
			isa = PBXContainerItemProxy;
			containerPortal = 3FA3671C24B6348900AD05A8 /* Project object */;
			proxyType = 1;
			remoteGlobalIDString = 3FA3672324B6348900AD05A8;
			remoteInfo = world;
		};
		3FA3674624B6348A00AD05A8 /* PBXContainerItemProxy */ = {
			isa = PBXContainerItemProxy;
			containerPortal = 3FA3671C24B6348900AD05A8 /* Project object */;
			proxyType = 1;
			remoteGlobalIDString = 3FA3672324B6348900AD05A8;
			remoteInfo = world;
		};
/* End PBXContainerItemProxy section */

/* Begin PBXFileReference section */
		3FA3672424B6348900AD05A8 /* world.app */ = {isa = PBXFileReference; explicitFileType = wrapper.application; includeInIndex = 0; path = world.app; sourceTree = BUILT_PRODUCTS_DIR; };
		3FA3672724B6348900AD05A8 /* AppDelegate.swift */ = {isa = PBXFileReference; lastKnownFileType = sourcecode.swift; path = AppDelegate.swift; sourceTree = "<group>"; };
		3FA3672924B6348900AD05A8 /* SceneDelegate.swift */ = {isa = PBXFileReference; lastKnownFileType = sourcecode.swift; path = SceneDelegate.swift; sourceTree = "<group>"; };
		3FA3672B24B6348900AD05A8 /* ContentView.swift */ = {isa = PBXFileReference; lastKnownFileType = sourcecode.swift; path = ContentView.swift; sourceTree = "<group>"; };
		3FA3672D24B6348A00AD05A8 /* world */ = {isa = PBXFileReference; lastKnownFileType = folder; path = world; sourceTree = "<group>"; };
		3FA3673024B6348A00AD05A8 /* Preview Assets.xcassets */ = {isa = PBXFileReference; lastKnownFileType = folder.assetcatalog; path = "Preview Assets.xcassets"; sourceTree = "<group>"; };
		3FA3673324B6348A00AD05A8 /* Base */ = {isa = PBXFileReference; lastKnownFileType = file.storyboard; name = Base; path = Base.lproj/LaunchScreen.storyboard; sourceTree = "<group>"; };
		3FA3673524B6348A00AD05A8 /* Info.plist */ = {isa = PBXFileReference; lastKnownFileType = text.plist.xml; path = Info.plist; sourceTree = "<group>"; };
		3FA3673A24B6348A00AD05A8 /* worldTests.xctest */ = {isa = PBXFileReference; explicitFileType = wrapper.cfbundle; includeInIndex = 0; path = worldTests.xctest; sourceTree = BUILT_PRODUCTS_DIR; };
		3FA3673E24B6348A00AD05A8 /* worldTests.swift */ = {isa = PBXFileReference; lastKnownFileType = sourcecode.swift; path = worldTests.swift; sourceTree = "<group>"; };
		3FA3674024B6348A00AD05A8 /* Info.plist */ = {isa = PBXFileReference; lastKnownFileType = text.plist.xml; path = Info.plist; sourceTree = "<group>"; };
		3FA3674524B6348A00AD05A8 /* worldUITests.xctest */ = {isa = PBXFileReference; explicitFileType = wrapper.cfbundle; includeInIndex = 0; path = worldUITests.xctest; sourceTree = BUILT_PRODUCTS_DIR; };
		3FA3674924B6348A00AD05A8 /* worldUITests.swift */ = {isa = PBXFileReference; lastKnownFileType = sourcecode.swift; path = worldUITests.swift; sourceTree = "<group>"; };
		3FA3674B24B6348A00AD05A8 /* Info.plist */ = {isa = PBXFileReference; lastKnownFileType = text.plist.xml; path = Info.plist; sourceTree = "<group>"; };
/* End PBXFileReference section */

/* Begin PBXFrameworksBuildPhase section */
		3FA3672124B6348900AD05A8 /* Frameworks */ = {
			isa = PBXFrameworksBuildPhase;
			buildActionMask = 2147483647;
			files = (
			);
			runOnlyForDeploymentPostprocessing = 0;
		};
		3FA3673724B6348A00AD05A8 /* Frameworks */ = {
			isa = PBXFrameworksBuildPhase;
			buildActionMask = 2147483647;
			files = (
			);
			runOnlyForDeploymentPostprocessing = 0;
		};
		3FA3674224B6348A00AD05A8 /* Frameworks */ = {
			isa = PBXFrameworksBuildPhase;
			buildActionMask = 2147483647;
			files = (
			);
			runOnlyForDeploymentPostprocessing = 0;
		};
/* End PBXFrameworksBuildPhase section */

/* Begin PBXGroup section */
		3FA3671B24B6348900AD05A8 = {
			isa = PBXGroup;
			children = (
				3FA3672624B6348900AD05A8 /* world */,
				3FA3673D24B6348A00AD05A8 /* worldTests */,
				3FA3674824B6348A00AD05A8 /* worldUITests */,
				3FA3672524B6348900AD05A8 /* Products */,
			);
			sourceTree = "<group>";
		};
		3FA3672524B6348900AD05A8 /* Products */ = {
			isa = PBXGroup;
			children = (
				3FA3672424B6348900AD05A8 /* world.app */,
				3FA3673A24B6348A00AD05A8 /* worldTests.xctest */,
				3FA3674524B6348A00AD05A8 /* worldUITests.xctest */,
			);
			name = Products;
			sourceTree = "<group>";
		};
		3FA3672624B6348900AD05A8 /* world */ = {
			isa = PBXGroup;
			children = (
				3FA3672724B6348900AD05A8 /* AppDelegate.swift */,
				3FA3672924B6348900AD05A8 /* SceneDelegate.swift */,
				3FA3672B24B6348900AD05A8 /* ContentView.swift */,
				3FA3672D24B6348A00AD05A8 /* world */,
				3FA3673224B6348A00AD05A8 /* LaunchScreen.storyboard */,
				3FA3673524B6348A00AD05A8 /* Info.plist */,
				3FA3672F24B6348A00AD05A8 /* Preview Content */,
			);
			path = world;
			sourceTree = "<group>";
		};
		3FA3672F24B6348A00AD05A8 /* Preview Content */ = {
			isa = PBXGroup;
			children = (
				3FA3673024B6348A00AD05A8 /* Preview Assets.xcassets */,
			);
			path = "Preview Content";
			sourceTree = "<group>";
		};
		3FA3673D24B6348A00AD05A8 /* worldTests */ = {
			isa = PBXGroup;
			children = (
				3FA3673E24B6348A00AD05A8 /* worldTests.swift */,
				3FA3674024B6348A00AD05A8 /* Info.plist */,
			);
			path = worldTests;
			sourceTree = "<group>";
		};
		3FA3674824B6348A00AD05A8 /* worldUITests */ = {
			isa = PBXGroup;
			children = (
				3FA3674924B6348A00AD05A8 /* worldUITests.swift */,
				3FA3674B24B6348A00AD05A8 /* Info.plist */,
			);
			path = worldUITests;
			sourceTree = "<group>";
		};
/* End PBXGroup section */

/* Begin PBXNativeTarget section */
		3FA3672324B6348900AD05A8 /* world */ = {
			isa = PBXNativeTarget;
			buildConfigurationList = 3FA3674E24B6348A00AD05A8 /* Build configuration list for PBXNativeTarget "world" */;
			buildPhases = (
				3FA3672024B6348900AD05A8 /* Sources */,
				3FA3672124B6348900AD05A8 /* Frameworks */,
				3FA3672224B6348900AD05A8 /* Resources */,
			);
			buildRules = (
			);
			dependencies = (
			);
			name = world;
			productName = world;
			productReference = 3FA3672424B6348900AD05A8 /* world.app */;
			productType = "com.apple.product-type.application";
		};
		3FA3673924B6348A00AD05A8 /* worldTests */ = {
			isa = PBXNativeTarget;
			buildConfigurationList = 3FA3675124B6348A00AD05A8 /* Build configuration list for PBXNativeTarget "worldTests" */;
			buildPhases = (
				3FA3673624B6348A00AD05A8 /* Sources */,
				3FA3673724B6348A00AD05A8 /* Frameworks */,
				3FA3673824B6348A00AD05A8 /* Resources */,
			);
			buildRules = (
			);
			dependencies = (
				3FA3673C24B6348A00AD05A8 /* PBXTargetDependency */,
			);
			name = worldTests;
			productName = worldTests;
			productReference = 3FA3673A24B6348A00AD05A8 /* worldTests.xctest */;
			productType = "com.apple.product-type.bundle.unit-test";
		};
		3FA3674424B6348A00AD05A8 /* worldUITests */ = {
			isa = PBXNativeTarget;
			buildConfigurationList = 3FA3675424B6348A00AD05A8 /* Build configuration list for PBXNativeTarget "worldUITests" */;
			buildPhases = (
				3FA3674124B6348A00AD05A8 /* Sources */,
				3FA3674224B6348A00AD05A8 /* Frameworks */,
				3FA3674324B6348A00AD05A8 /* Resources */,
			);
			buildRules = (
			);
			dependencies = (
				3FA3674724B6348A00AD05A8 /* PBXTargetDependency */,
			);
			name = worldUITests;
			productName = worldUITests;
			productReference = 3FA3674524B6348A00AD05A8 /* worldUITests.xctest */;
			productType = "com.apple.product-type.bundle.ui-testing";
		};
/* End PBXNativeTarget section */

/* Begin PBXProject section */
		3FA3671C24B6348900AD05A8 /* Project object */ = {
			isa = PBXProject;
			attributes = {
				LastSwiftUpdateCheck = 1130;
				LastUpgradeCheck = 1130;
				ORGANIZATIONNAME = Student;
				TargetAttributes = {
					3FA3672324B6348900AD05A8 = {
						CreatedOnToolsVersion = 11.3.1;
					};
					3FA3673924B6348A00AD05A8 = {
						CreatedOnToolsVersion = 11.3.1;
						TestTargetID = 3FA3672324B6348900AD05A8;
					};
					3FA3674424B6348A00AD05A8 = {
						CreatedOnToolsVersion = 11.3.1;
						TestTargetID = 3FA3672324B6348900AD05A8;
					};
				};
			};
			buildConfigurationList = 3FA3671F24B6348900AD05A8 /* Build configuration list for PBXProject "world" */;
			compatibilityVersion = "Xcode 9.3";
			developmentRegion = en;
			hasScannedForEncodings = 0;
			knownRegions = (
				en,
				Base,
			);
			mainGroup = 3FA3671B24B6348900AD05A8;
			productRefGroup = 3FA3672524B6348900AD05A8 /* Products */;
			projectDirPath = "";
			projectRoot = "";
			targets = (
				3FA3672324B6348900AD05A8 /* world */,
				3FA3673924B6348A00AD05A8 /* worldTests */,
				3FA3674424B6348A00AD05A8 /* worldUITests */,
			);
		};
/* End PBXProject section */

/* Begin PBXResourcesBuildPhase section */
		3FA3672224B6348900AD05A8 /* Resources */ = {
			isa = PBXResourcesBuildPhase;
			buildActionMask = 2147483647;
			files = (
				3FA3673424B6348A00AD05A8 /* LaunchScreen.storyboard in Resources */,
				3FA3673124B6348A00AD05A8 /* Preview Assets.xcassets in Resources */,
				3FA3672E24B6348A00AD05A8 /* world in Resources */,
			);
			runOnlyForDeploymentPostprocessing = 0;
		};
		3FA3673824B6348A00AD05A8 /* Resources */ = {
			isa = PBXResourcesBuildPhase;
			buildActionMask = 2147483647;
			files = (
			);
			runOnlyForDeploymentPostprocessing = 0;
		};
		3FA3674324B6348A00AD05A8 /* Resources */ = {
			isa = PBXResourcesBuildPhase;
			buildActionMask = 2147483647;
			files = (
			);
			runOnlyForDeploymentPostprocessing = 0;
		};
/* End PBXResourcesBuildPhase section */

/* Begin PBXSourcesBuildPhase section */
		3FA3672024B6348900AD05A8 /* Sources */ = {
			isa = PBXSourcesBuildPhase;
			buildActionMask = 2147483647;
			files = (
				3FA3672824B6348900AD05A8 /* AppDelegate.swift in Sources */,
				3FA3672A24B6348900AD05A8 /* SceneDelegate.swift in Sources */,
				3FA3672C24B6348900AD05A8 /* ContentView.swift in Sources */,
			);
			runOnlyForDeploymentPostprocessing = 0;
		};
		3FA3673624B6348A00AD05A8 /* Sources */ = {
			isa = PBXSourcesBuildPhase;
			buildActionMask = 2147483647;
			files = (
				3FA3673F24B6348A00AD05A8 /* worldTests.swift in Sources */,
			);
			runOnlyForDeploymentPostprocessing = 0;
		};
		3FA3674124B6348A00AD05A8 /* Sources */ = {
			isa = PBXSourcesBuildPhase;
			buildActionMask = 2147483647;
			files = (
				3FA3674A24B6348A00AD05A8 /* worldUITests.swift in Sources */,
			);
			runOnlyForDeploymentPostprocessing = 0;
		};
/* End PBXSourcesBuildPhase section */

/* Begin PBXTargetDependency section */
		3FA3673C24B6348A00AD05A8 /* PBXTargetDependency */ = {
			isa = PBXTargetDependency;
			target = 3FA3672324B6348900AD05A8 /* world */;
			targetProxy = 3FA3673B24B6348A00AD05A8 /* PBXContainerItemProxy */;
		};
		3FA3674724B6348A00AD05A8 /* PBXTargetDependency */ = {
			isa = PBXTargetDependency;
			target = 3FA3672324B6348900AD05A8 /* world */;
			targetProxy = 3FA3674624B6348A00AD05A8 /* PBXContainerItemProxy */;
		};
/* End PBXTargetDependency section */

/* Begin PBXVariantGroup section */
		3FA3673224B6348A00AD05A8 /* LaunchScreen.storyboard */ = {
			isa = PBXVariantGroup;
			children = (
				3FA3673324B6348A00AD05A8 /* Base */,
			);
			name = LaunchScreen.storyboard;
			sourceTree = "<group>";
		};
/* End PBXVariantGroup section */

/* Begin XCBuildConfiguration section */
		3FA3674C24B6348A00AD05A8 /* Debug */ = {
			isa = XCBuildConfiguration;
			buildSettings = {
				ALWAYS_SEARCH_USER_PATHS = NO;
				CLANG_ANALYZER_NONNULL = YES;
				CLANG_ANALYZER_NUMBER_OBJECT_CONVERSION = YES_AGGRESSIVE;
				CLANG_CXX_LANGUAGE_STANDARD = "gnu++14";
				CLANG_CXX_LIBRARY = "libc++";
				CLANG_ENABLE_MODULES = YES;
				CLANG_ENABLE_OBJC_ARC = YES;
				CLANG_ENABLE_OBJC_WEAK = YES;
				CLANG_WARN_BLOCK_CAPTURE_AUTORELEASING = YES;
				CLANG_WARN_BOOL_CONVERSION = YES;
				CLANG_WARN_COMMA = YES;
				CLANG_WARN_CONSTANT_CONVERSION = YES;
				CLANG_WARN_DEPRECATED_OBJC_IMPLEMENTATIONS = YES;
				CLANG_WARN_DIRECT_OBJC_ISA_USAGE = YES_ERROR;
				CLANG_WARN_DOCUMENTATION_COMMENTS = YES;
				CLANG_WARN_EMPTY_BODY = YES;
				CLANG_WARN_ENUM_CONVERSION = YES;
				CLANG_WARN_INFINITE_RECURSION = YES;
				CLANG_WARN_INT_CONVERSION = YES;
				CLANG_WARN_NON_LITERAL_NULL_CONVERSION = YES;
				CLANG_WARN_OBJC_IMPLICIT_RETAIN_SELF = YES;
				CLANG_WARN_OBJC_LITERAL_CONVERSION = YES;
				CLANG_WARN_OBJC_ROOT_CLASS = YES_ERROR;
				CLANG_WARN_RANGE_LOOP_ANALYSIS = YES;
				CLANG_WARN_STRICT_PROTOTYPES = YES;
				CLANG_WARN_SUSPICIOUS_MOVE = YES;
				CLANG_WARN_UNGUARDED_AVAILABILITY = YES_AGGRESSIVE;
				CLANG_WARN_UNREACHABLE_CODE = YES;
				CLANG_WARN__DUPLICATE_METHOD_MATCH = YES;
				COPY_PHASE_STRIP = NO;
				DEBUG_INFORMATION_FORMAT = dwarf;
				ENABLE_STRICT_OBJC_MSGSEND = YES;
				ENABLE_TESTABILITY = YES;
				GCC_C_LANGUAGE_STANDARD = gnu11;
				GCC_DYNAMIC_NO_PIC = NO;
				GCC_NO_COMMON_BLOCKS = YES;
				GCC_OPTIMIZATION_LEVEL = 0;
				GCC_PREPROCESSOR_DEFINITIONS = (
					"DEBUG=1",
					"$(inherited)",
				);
				GCC_WARN_64_TO_32_BIT_CONVERSION = YES;
				GCC_WARN_ABOUT_RETURN_TYPE = YES_ERROR;
				GCC_WARN_UNDECLARED_SELECTOR = YES;
				GCC_WARN_UNINITIALIZED_AUTOS = YES_AGGRESSIVE;
				GCC_WARN_UNUSED_FUNCTION = YES;
				GCC_WARN_UNUSED_VARIABLE = YES;
				IPHONEOS_DEPLOYMENT_TARGET = 13.2;
				MTL_ENABLE_DEBUG_INFO = INCLUDE_SOURCE;
				MTL_FAST_MATH = YES;
				ONLY_ACTIVE_ARCH = YES;
				SDKROOT = iphoneos;
				SWIFT_ACTIVE_COMPILATION_CONDITIONS = DEBUG;
				SWIFT_OPTIMIZATION_LEVEL = "-Onone";
			};
			name = Debug;
		};
		3FA3674D24B6348A00AD05A8 /* Release */ = {
			isa = XCBuildConfiguration;
			buildSettings = {
				ALWAYS_SEARCH_USER_PATHS = NO;
				CLANG_ANALYZER_NONNULL = YES;
				CLANG_ANALYZER_NUMBER_OBJECT_CONVERSION = YES_AGGRESSIVE;
				CLANG_CXX_LANGUAGE_STANDARD = "gnu++14";
				CLANG_CXX_LIBRARY = "libc++";
				CLANG_ENABLE_MODULES = YES;
				CLANG_ENABLE_OBJC_ARC = YES;
				CLANG_ENABLE_OBJC_WEAK = YES;
				CLANG_WARN_BLOCK_CAPTURE_AUTORELEASING = YES;
				CLANG_WARN_BOOL_CONVERSION = YES;
				CLANG_WARN_COMMA = YES;
				CLANG_WARN_CONSTANT_CONVERSION = YES;
				CLANG_WARN_DEPRECATED_OBJC_IMPLEMENTATIONS = YES;
				CLANG_WARN_DIRECT_OBJC_ISA_USAGE = YES_ERROR;
				CLANG_WARN_DOCUMENTATION_COMMENTS = YES;
				CLANG_WARN_EMPTY_BODY = YES;
				CLANG_WARN_ENUM_CONVERSION = YES;
				CLANG_WARN_INFINITE_RECURSION = YES;
				CLANG_WARN_INT_CONVERSION = YES;
				CLANG_WARN_NON_LITERAL_NULL_CONVERSION = YES;
				CLANG_WARN_OBJC_IMPLICIT_RETAIN_SELF = YES;
				CLANG_WARN_OBJC_LITERAL_CONVERSION = YES;
				CLANG_WARN_OBJC_ROOT_CLASS = YES_ERROR;
				CLANG_WARN_RANGE_LOOP_ANALYSIS = YES;
				CLANG_WARN_STRICT_PROTOTYPES = YES;
				CLANG_WARN_SUSPICIOUS_MOVE = YES;
				CLANG_WARN_UNGUARDED_AVAILABILITY = YES_AGGRESSIVE;
				CLANG_WARN_UNREACHABLE_CODE = YES;
				CLANG_WARN__DUPLICATE_METHOD_MATCH = YES;
				COPY_PHASE_STRIP = NO;
				DEBUG_INFORMATION_FORMAT = "dwarf-with-dsym";
				ENABLE_NS_ASSERTIONS = NO;
				ENABLE_STRICT_OBJC_MSGSEND = YES;
				GCC_C_LANGUAGE_STANDARD = gnu11;
				GCC_NO_COMMON_BLOCKS = YES;
				GCC_WARN_64_TO_32_BIT_CONVERSION = YES;
				GCC_WARN_ABOUT_RETURN_TYPE = YES_ERROR;
				GCC_WARN_UNDECLARED_SELECTOR = YES;
				GCC_WARN_UNINITIALIZED_AUTOS = YES_AGGRESSIVE;
				GCC_WARN_UNUSED_FUNCTION = YES;
				GCC_WARN_UNUSED_VARIABLE = YES;
				IPHONEOS_DEPLOYMENT_TARGET = 13.2;
				MTL_ENABLE_DEBUG_INFO = NO;
				MTL_FAST_MATH = YES;
				SDKROOT = iphoneos;
				SWIFT_COMPILATION_MODE = wholemodule;
				SWIFT_OPTIMIZATION_LEVEL = "-O";
				VALIDATE_PRODUCT = YES;
			};
			name = Release;
		};
		3FA3674F24B6348A00AD05A8 /* Debug */ = {
			isa = XCBuildConfiguration;
			buildSettings = {
				ASSETCATALOG_COMPILER_APPICON_NAME = AppIcon;
				CODE_SIGN_STYLE = Automatic;
				DEVELOPMENT_ASSET_PATHS = "\"world/Preview Content\"";
				ENABLE_PREVIEWS = YES;
				INFOPLIST_FILE = world/Info.plist;
				LD_RUNPATH_SEARCH_PATHS = (
					"$(inherited)",
					"@executable_path/Frameworks",
				);
				PRODUCT_BUNDLE_IDENTIFIER = student.world;
				PRODUCT_NAME = "$(TARGET_NAME)";
				SWIFT_VERSION = 5.0;
				TARGETED_DEVICE_FAMILY = "1,2";
			};
			name = Debug;
		};
		3FA3675024B6348A00AD05A8 /* Release */ = {
			isa = XCBuildConfiguration;
			buildSettings = {
				ASSETCATALOG_COMPILER_APPICON_NAME = AppIcon;
				CODE_SIGN_STYLE = Automatic;
				DEVELOPMENT_ASSET_PATHS = "\"world/Preview Content\"";
				ENABLE_PREVIEWS = YES;
				INFOPLIST_FILE = world/Info.plist;
				LD_RUNPATH_SEARCH_PATHS = (
					"$(inherited)",
					"@executable_path/Frameworks",
				);
				PRODUCT_BUNDLE_IDENTIFIER = student.world;
				PRODUCT_NAME = "$(TARGET_NAME)";
				SWIFT_VERSION = 5.0;
				TARGETED_DEVICE_FAMILY = "1,2";
			};
			name = Release;
		};
		3FA3675224B6348A00AD05A8 /* Debug */ = {
			isa = XCBuildConfiguration;
			buildSettings = {
				ALWAYS_EMBED_SWIFT_STANDARD_LIBRARIES = YES;
				BUNDLE_LOADER = "$(TEST_HOST)";
				CODE_SIGN_STYLE = Automatic;
				INFOPLIST_FILE = worldTests/Info.plist;
				IPHONEOS_DEPLOYMENT_TARGET = 13.2;
				LD_RUNPATH_SEARCH_PATHS = (
					"$(inherited)",
					"@executable_path/Frameworks",
					"@loader_path/Frameworks",
				);
				PRODUCT_BUNDLE_IDENTIFIER = student.worldTests;
				PRODUCT_NAME = "$(TARGET_NAME)";
				SWIFT_VERSION = 5.0;
				TARGETED_DEVICE_FAMILY = "1,2";
				TEST_HOST = "$(BUILT_PRODUCTS_DIR)/world.app/world";
			};
			name = Debug;
		};
		3FA3675324B6348A00AD05A8 /* Release */ = {
			isa = XCBuildConfiguration;
			buildSettings = {
				ALWAYS_EMBED_SWIFT_STANDARD_LIBRARIES = YES;
				BUNDLE_LOADER = "$(TEST_HOST)";
				CODE_SIGN_STYLE = Automatic;
				INFOPLIST_FILE = worldTests/Info.plist;
				IPHONEOS_DEPLOYMENT_TARGET = 13.2;
				LD_RUNPATH_SEARCH_PATHS = (
					"$(inherited)",
					"@executable_path/Frameworks",
					"@loader_path/Frameworks",
				);
				PRODUCT_BUNDLE_IDENTIFIER = student.worldTests;
				PRODUCT_NAME = "$(TARGET_NAME)";
				SWIFT_VERSION = 5.0;
				TARGETED_DEVICE_FAMILY = "1,2";
				TEST_HOST = "$(BUILT_PRODUCTS_DIR)/world.app/world";
			};
			name = Release;
		};
		3FA3675524B6348A00AD05A8 /* Debug */ = {
			isa = XCBuildConfiguration;
			buildSettings = {
				ALWAYS_EMBED_SWIFT_STANDARD_LIBRARIES = YES;
				CODE_SIGN_STYLE = Automatic;
				INFOPLIST_FILE = worldUITests/Info.plist;
				LD_RUNPATH_SEARCH_PATHS = (
					"$(inherited)",
					"@executable_path/Frameworks",
					"@loader_path/Frameworks",
				);
				PRODUCT_BUNDLE_IDENTIFIER = student.worldUITests;
				PRODUCT_NAME = "$(TARGET_NAME)";
				SWIFT_VERSION = 5.0;
				TARGETED_DEVICE_FAMILY = "1,2";
				TEST_TARGET_NAME = world;
			};
			name = Debug;
		};
		3FA3675624B6348A00AD05A8 /* Release */ = {
			isa = XCBuildConfiguration;
			buildSettings = {
				ALWAYS_EMBED_SWIFT_STANDARD_LIBRARIES = YES;
				CODE_SIGN_STYLE = Automatic;
				INFOPLIST_FILE = worldUITests/Info.plist;
				LD_RUNPATH_SEARCH_PATHS = (
					"$(inherited)",
					"@executable_path/Frameworks",
					"@loader_path/Frameworks",
				);
				PRODUCT_BUNDLE_IDENTIFIER = student.worldUITests;
				PRODUCT_NAME = "$(TARGET_NAME)";
				SWIFT_VERSION = 5.0;
				TARGETED_DEVICE_FAMILY = "1,2";
				TEST_TARGET_NAME = world;
			};
			name = Release;
		};
/* End XCBuildConfiguration section */

/* Begin XCConfigurationList section */
		3FA3671F24B6348900AD05A8 /* Build configuration list for PBXProject "world" */ = {
			isa = XCConfigurationList;
			buildConfigurations = (
				3FA3674C24B6348A00AD05A8 /* Debug */,
				3FA3674D24B6348A00AD05A8 /* Release */,
			);
			defaultConfigurationIsVisible = 0;
			defaultConfigurationName = Release;
		};
		3FA3674E24B6348A00AD05A8 /* Build configuration list for PBXNativeTarget "world" */ = {
			isa = XCConfigurationList;
			buildConfigurations = (
				3FA3674F24B6348A00AD05A8 /* Debug */,
				3FA3675024B6348A00AD05A8 /* Release */,
			);
			defaultConfigurationIsVisible = 0;
			defaultConfigurationName = Release;
		};
		3FA3675124B6348A00AD05A8 /* Build configuration list for PBXNativeTarget "worldTests" */ = {
			isa = XCConfigurationList;
			buildConfigurations = (
				3FA3675224B6348A00AD05A8 /* Debug */,
				3FA3675324B6348A00AD05A8 /* Release */,
			);
			defaultConfigurationIsVisible = 0;
			defaultConfigurationName = Release;
		};
		3FA3675424B6348A00AD05A8 /* Build configuration list for PBXNativeTarget "worldUITests" */ = {
			isa = XCConfigurationList;
			buildConfigurations = (
				3FA3675524B6348A00AD05A8 /* Debug */,
				3FA3675624B6348A00AD05A8 /* Release */,
			);
			defaultConfigurationIsVisible = 0;
			defaultConfigurationName = Release;
		};
/* End XCConfigurationList section */
	};
	rootObject = 3FA3671C24B6348900AD05A8 /* Project object */;
}
